// !$*UTF8*$!
{
	archiveVersion = 1;
	classes = {
	};
	objectVersion = 45;
	objects = {

/* Begin PBXBuildFile section */
		1D60589F0D05DD5A006BFB54 /* Foundation.framework in Frameworks */ = {isa = PBXBuildFile; fileRef = 1D30AB110D05D00D00671497 /* Foundation.framework */; };
		1DF5F4E00D08C38300B7A737 /* UIKit.framework in Frameworks */ = {isa = PBXBuildFile; fileRef = 1DF5F4DF0D08C38300B7A737 /* UIKit.framework */; };
		288765FD0DF74451002DB57D /* CoreGraphics.framework in Frameworks */ = {isa = PBXBuildFile; fileRef = 288765FC0DF74451002DB57D /* CoreGraphics.framework */; };
		A7E6F52B1211A18A0088CD77 /* IAASViewController.m in Sources */ = {isa = PBXBuildFile; fileRef = A7E6F52A1211A18A0088CD77 /* IAASViewController.m */; };
		A7E6F56A1211B7630088CD77 /* IAAS.bundle in Resources */ = {isa = PBXBuildFile; fileRef = A7E6F5691211B7630088CD77 /* IAAS.bundle */; };
		A7E6F5D61211BEB80088CD77 /* main.m in Sources */ = {isa = PBXBuildFile; fileRef = A7E6F5D31211BEB80088CD77 /* main.m */; };
		A7E6F5D71211BEB80088CD77 /* README.markdown in Resources */ = {isa = PBXBuildFile; fileRef = A7E6F5D41211BEB80088CD77 /* README.markdown */; };
		A7E6F5DD1211BEBF0088CD77 /* AppDelegate.m in Sources */ = {isa = PBXBuildFile; fileRef = A7E6F5DB1211BEBF0088CD77 /* AppDelegate.m */; };
		A7E6F61A1211C0030088CD77 /* RootViewController.m in Sources */ = {isa = PBXBuildFile; fileRef = A7E6F6191211C0030088CD77 /* RootViewController.m */; };
		A7E6F61C1211C0590088CD77 /* RootViewController.xib in Resources */ = {isa = PBXBuildFile; fileRef = A7E6F61B1211C0590088CD77 /* RootViewController.xib */; };
		A7E6F6A9121213270088CD77 /* LICENSE in Resources */ = {isa = PBXBuildFile; fileRef = A7E6F6A8121213270088CD77 /* LICENSE */; };
/* End PBXBuildFile section */

/* Begin PBXFileReference section */
		1D30AB110D05D00D00671497 /* Foundation.framework */ = {isa = PBXFileReference; lastKnownFileType = wrapper.framework; name = Foundation.framework; path = System/Library/Frameworks/Foundation.framework; sourceTree = SDKROOT; };
		1D6058910D05DD3D006BFB54 /* IAAS.app */ = {isa = PBXFileReference; explicitFileType = wrapper.application; includeInIndex = 0; path = IAAS.app; sourceTree = BUILT_PRODUCTS_DIR; };
		1DF5F4DF0D08C38300B7A737 /* UIKit.framework */ = {isa = PBXFileReference; lastKnownFileType = wrapper.framework; name = UIKit.framework; path = System/Library/Frameworks/UIKit.framework; sourceTree = SDKROOT; };
		288765FC0DF74451002DB57D /* CoreGraphics.framework */ = {isa = PBXFileReference; lastKnownFileType = wrapper.framework; name = CoreGraphics.framework; path = System/Library/Frameworks/CoreGraphics.framework; sourceTree = SDKROOT; };
		A7E6F5291211A18A0088CD77 /* IAASViewController.h */ = {isa = PBXFileReference; fileEncoding = 4; lastKnownFileType = sourcecode.c.h; path = IAASViewController.h; sourceTree = "<group>"; };
		A7E6F52A1211A18A0088CD77 /* IAASViewController.m */ = {isa = PBXFileReference; fileEncoding = 4; lastKnownFileType = sourcecode.c.objc; path = IAASViewController.m; sourceTree = "<group>"; };
		A7E6F5691211B7630088CD77 /* IAAS.bundle */ = {isa = PBXFileReference; lastKnownFileType = "wrapper.plug-in"; path = IAAS.bundle; sourceTree = "<group>"; };
		A7E6F5D21211BEB80088CD77 /* IAAS_Prefix.pch */ = {isa = PBXFileReference; fileEncoding = 4; lastKnownFileType = sourcecode.c.h; path = IAAS_Prefix.pch; sourceTree = "<group>"; };
		A7E6F5D31211BEB80088CD77 /* main.m */ = {isa = PBXFileReference; fileEncoding = 4; lastKnownFileType = sourcecode.c.objc; path = main.m; sourceTree = "<group>"; };
		A7E6F5D41211BEB80088CD77 /* README.markdown */ = {isa = PBXFileReference; fileEncoding = 4; lastKnownFileType = text; path = README.markdown; sourceTree = "<group>"; };
		A7E6F5D51211BEB80088CD77 /* IAAS-Info.plist */ = {isa = PBXFileReference; fileEncoding = 4; lastKnownFileType = text.plist.xml; path = "IAAS-Info.plist"; sourceTree = "<group>"; };
		A7E6F5DA1211BEBF0088CD77 /* AppDelegate.h */ = {isa = PBXFileReference; fileEncoding = 4; lastKnownFileType = sourcecode.c.h; path = AppDelegate.h; sourceTree = "<group>"; };
		A7E6F5DB1211BEBF0088CD77 /* AppDelegate.m */ = {isa = PBXFileReference; fileEncoding = 4; lastKnownFileType = sourcecode.c.objc; path = AppDelegate.m; sourceTree = "<group>"; };
		A7E6F6181211C0030088CD77 /* RootViewController.h */ = {isa = PBXFileReference; fileEncoding = 4; lastKnownFileType = sourcecode.c.h; path = RootViewController.h; sourceTree = "<group>"; };
		A7E6F6191211C0030088CD77 /* RootViewController.m */ = {isa = PBXFileReference; fileEncoding = 4; lastKnownFileType = sourcecode.c.objc; path = RootViewController.m; sourceTree = "<group>"; };
		A7E6F61B1211C0590088CD77 /* RootViewController.xib */ = {isa = PBXFileReference; lastKnownFileType = file.xib; path = RootViewController.xib; sourceTree = "<group>"; };
		A7E6F6A8121213270088CD77 /* LICENSE */ = {isa = PBXFileReference; fileEncoding = 4; lastKnownFileType = text; path = LICENSE; sourceTree = "<group>"; };
/* End PBXFileReference section */

/* Begin PBXFrameworksBuildPhase section */
		1D60588F0D05DD3D006BFB54 /* Frameworks */ = {
			isa = PBXFrameworksBuildPhase;
			buildActionMask = 2147483647;
			files = (
				1D60589F0D05DD5A006BFB54 /* Foundation.framework in Frameworks */,
				1DF5F4E00D08C38300B7A737 /* UIKit.framework in Frameworks */,
				288765FD0DF74451002DB57D /* CoreGraphics.framework in Frameworks */,
			);
			runOnlyForDeploymentPostprocessing = 0;
		};
/* End PBXFrameworksBuildPhase section */

/* Begin PBXGroup section */
		19C28FACFE9D520D11CA2CBB /* Products */ = {
			isa = PBXGroup;
			children = (
				1D6058910D05DD3D006BFB54 /* IAAS.app */,
			);
			name = Products;
			sourceTree = "<group>";
		};
		29B97314FDCFA39411CA2CEA /* CustomTemplate */ = {
			isa = PBXGroup;
			children = (
				A7E6F5D31211BEB80088CD77 /* main.m */,
				A7E6F5D21211BEB80088CD77 /* IAAS_Prefix.pch */,
				A7E6F5D51211BEB80088CD77 /* IAAS-Info.plist */,
				A7E6F5D41211BEB80088CD77 /* README.markdown */,
				A7E6F6A8121213270088CD77 /* LICENSE */,
				A7E6F5281211A1780088CD77 /* IAAS */,
				A7E6F5D91211BEBF0088CD77 /* Classes */,
				29B97323FDCFA39411CA2CEA /* Frameworks */,
				19C28FACFE9D520D11CA2CBB /* Products */,
			);
			name = CustomTemplate;
			sourceTree = "<group>";
		};
		29B97323FDCFA39411CA2CEA /* Frameworks */ = {
			isa = PBXGroup;
			children = (
				1DF5F4DF0D08C38300B7A737 /* UIKit.framework */,
				1D30AB110D05D00D00671497 /* Foundation.framework */,
				288765FC0DF74451002DB57D /* CoreGraphics.framework */,
			);
			name = Frameworks;
			sourceTree = "<group>";
		};
		A7E6F5281211A1780088CD77 /* IAAS */ = {
			isa = PBXGroup;
			children = (
				A7E6F5691211B7630088CD77 /* IAAS.bundle */,
				A7E6F5291211A18A0088CD77 /* IAASViewController.h */,
				A7E6F52A1211A18A0088CD77 /* IAASViewController.m */,
			);
			path = IAAS;
			sourceTree = "<group>";
		};
		A7E6F5D91211BEBF0088CD77 /* Classes */ = {
			isa = PBXGroup;
			children = (
				A7E6F5DA1211BEBF0088CD77 /* AppDelegate.h */,
				A7E6F5DB1211BEBF0088CD77 /* AppDelegate.m */,
				A7E6F6181211C0030088CD77 /* RootViewController.h */,
				A7E6F6191211C0030088CD77 /* RootViewController.m */,
				A7E6F61B1211C0590088CD77 /* RootViewController.xib */,
			);
			path = Classes;
			sourceTree = "<group>";
		};
/* End PBXGroup section */

/* Begin PBXNativeTarget section */
		1D6058900D05DD3D006BFB54 /* IAAS */ = {
			isa = PBXNativeTarget;
			buildConfigurationList = 1D6058960D05DD3E006BFB54 /* Build configuration list for PBXNativeTarget "IAAS" */;
			buildPhases = (
				1D60588D0D05DD3D006BFB54 /* Resources */,
				1D60588E0D05DD3D006BFB54 /* Sources */,
				1D60588F0D05DD3D006BFB54 /* Frameworks */,
			);
			buildRules = (
			);
			dependencies = (
			);
			name = IAAS;
			productName = IAAS;
			productReference = 1D6058910D05DD3D006BFB54 /* IAAS.app */;
			productType = "com.apple.product-type.application";
		};
/* End PBXNativeTarget section */

/* Begin PBXProject section */
		29B97313FDCFA39411CA2CEA /* Project object */ = {
			isa = PBXProject;
			buildConfigurationList = C01FCF4E08A954540054247B /* Build configuration list for PBXProject "IAAS" */;
			compatibilityVersion = "Xcode 3.1";
			hasScannedForEncodings = 1;
			mainGroup = 29B97314FDCFA39411CA2CEA /* CustomTemplate */;
			projectDirPath = "";
			projectRoot = "";
			targets = (
				1D6058900D05DD3D006BFB54 /* IAAS */,
			);
		};
/* End PBXProject section */

/* Begin PBXResourcesBuildPhase section */
		1D60588D0D05DD3D006BFB54 /* Resources */ = {
			isa = PBXResourcesBuildPhase;
			buildActionMask = 2147483647;
			files = (
				A7E6F56A1211B7630088CD77 /* IAAS.bundle in Resources */,
				A7E6F5D71211BEB80088CD77 /* README.markdown in Resources */,
				A7E6F61C1211C0590088CD77 /* RootViewController.xib in Resources */,
				A7E6F6A9121213270088CD77 /* LICENSE in Resources */,
			);
			runOnlyForDeploymentPostprocessing = 0;
		};
/* End PBXResourcesBuildPhase section */

/* Begin PBXSourcesBuildPhase section */
		1D60588E0D05DD3D006BFB54 /* Sources */ = {
			isa = PBXSourcesBuildPhase;
			buildActionMask = 2147483647;
			files = (
				A7E6F52B1211A18A0088CD77 /* IAASViewController.m in Sources */,
				A7E6F5D61211BEB80088CD77 /* main.m in Sources */,
				A7E6F5DD1211BEBF0088CD77 /* AppDelegate.m in Sources */,
				A7E6F61A1211C0030088CD77 /* RootViewController.m in Sources */,
			);
			runOnlyForDeploymentPostprocessing = 0;
		};
/* End PBXSourcesBuildPhase section */

/* Begin XCBuildConfiguration section */
		1D6058940D05DD3E006BFB54 /* Debug */ = {
			isa = XCBuildConfiguration;
			buildSettings = {
				ALWAYS_SEARCH_USER_PATHS = NO;
				COPY_PHASE_STRIP = NO;
				GCC_DYNAMIC_NO_PIC = NO;
				GCC_OPTIMIZATION_LEVEL = 0;
				GCC_PRECOMPILE_PREFIX_HEADER = YES;
				GCC_PREFIX_HEADER = IAAS_Prefix.pch;
				INFOPLIST_FILE = "IAAS-Info.plist";
				PRODUCT_NAME = IAAS;
			};
			name = Debug;
		};
		1D6058950D05DD3E006BFB54 /* Release */ = {
			isa = XCBuildConfiguration;
			buildSettings = {
				ALWAYS_SEARCH_USER_PATHS = NO;
				COPY_PHASE_STRIP = YES;
				GCC_PRECOMPILE_PREFIX_HEADER = YES;
				GCC_PREFIX_HEADER = IAAS_Prefix.pch;
				INFOPLIST_FILE = "IAAS-Info.plist";
				PRODUCT_NAME = IAAS;
				VALIDATE_PRODUCT = YES;
			};
			name = Release;
		};
		C01FCF4F08A954540054247B /* Debug */ = {
			isa = XCBuildConfiguration;
			buildSettings = {
				ARCHS = "$(ARCHS_STANDARD_32_BIT)";
				"CODE_SIGN_IDENTITY[sdk=iphoneos*]" = "iPhone Developer";
				GCC_C_LANGUAGE_STANDARD = c99;
				GCC_WARN_ABOUT_RETURN_TYPE = YES;
				GCC_WARN_UNUSED_VARIABLE = YES;
				IPHONEOS_DEPLOYMENT_TARGET = 3.0;
				PREBINDING = NO;
				SDKROOT = iphoneos4.0;
				TARGETED_DEVICE_FAMILY = "1,2";
			};
			name = Debug;
		};
		C01FCF5008A954540054247B /* Release */ = {
			isa = XCBuildConfiguration;
			buildSettings = {
				ARCHS = "$(ARCHS_STANDARD_32_BIT)";
				"CODE_SIGN_IDENTITY[sdk=iphoneos*]" = "iPhone Developer";
				GCC_C_LANGUAGE_STANDARD = c99;
				GCC_WARN_ABOUT_RETURN_TYPE = YES;
				GCC_WARN_UNUSED_VARIABLE = YES;
				IPHONEOS_DEPLOYMENT_TARGET = 3.0;
				OTHER_CFLAGS = "-DNS_BLOCK_ASSERTIONS=1";
				PREBINDING = NO;
				SDKROOT = iphoneos4.0;
				TARGETED_DEVICE_FAMILY = "1,2";
			};
			name = Release;
		};
/* End XCBuildConfiguration section */

/* Begin XCConfigurationList section */
		1D6058960D05DD3E006BFB54 /* Build configuration list for PBXNativeTarget "IAAS" */ = {
			isa = XCConfigurationList;
			buildConfigurations = (
				1D6058940D05DD3E006BFB54 /* Debug */,
				1D6058950D05DD3E006BFB54 /* Release */,
			);
			defaultConfigurationIsVisible = 0;
			defaultConfigurationName = Release;
		};
		C01FCF4E08A954540054247B /* Build configuration list for PBXProject "IAAS" */ = {
			isa = XCConfigurationList;
			buildConfigurations = (
				C01FCF4F08A954540054247B /* Debug */,
				C01FCF5008A954540054247B /* Release */,
			);
			defaultConfigurationIsVisible = 0;
			defaultConfigurationName = Release;
		};
/* End XCConfigurationList section */
	};
	rootObject = 29B97313FDCFA39411CA2CEA /* Project object */;
}
